
Microsoft Visual Studio Solution File, Format Version 12.00
# Visual Studio 15
VisualStudioVersion = 15.0.28307.572
MinimumVisualStudioVersion = 10.0.40219.1
Project("{FAE04EC0-301F-11D3-BF4B-00C04F79EFBC}") = "podatekLiniowySQL", "podatekLiniowySQL\podatekLiniowySQL.csproj", "{549D6372-93B7-4CB4-9940-08C581BBFDCC}"
EndProject
Global
	GlobalSection(SolutionConfigurationPlatforms) = preSolution
		Debug|Any CPU = Debug|Any CPU
		Release|Any CPU = Release|Any CPU
	EndGlobalSection
	GlobalSection(ProjectConfigurationPlatforms) = postSolution
		{549D6372-93B7-4CB4-9940-08C581BBFDCC}.Debug|Any CPU.ActiveCfg = Debug|Any CPU
		{549D6372-93B7-4CB4-9940-08C581BBFDCC}.Debug|Any CPU.Build.0 = Debug|Any CPU
		{549D6372-93B7-4CB4-9940-08C581BBFDCC}.Release|Any CPU.ActiveCfg = Release|Any CPU
		{549D6372-93B7-4CB4-9940-08C581BBFDCC}.Release|Any CPU.Build.0 = Release|Any CPU
	EndGlobalSection
	GlobalSection(SolutionProperties) = preSolution
		HideSolutionNode = FALSE
	EndGlobalSection
	GlobalSection(ExtensibilityGlobals) = postSolution
		SolutionGuid = {B89A7DCA-3A0B-4453-98D2-8798AC8EF9ED}
	EndGlobalSection
EndGlobal
